
Microsoft Visual Studio Solution File, Format Version 12.00
# Visual Studio Version 16
VisualStudioVersion = 16.0.31729.503
MinimumVisualStudioVersion = 10.0.40219.1
Project("{9A19103F-16F7-4668-BE54-9A1E7A4F7556}") = "DemoUI", "DemoUI\DemoUI.csproj", "{87FFF109-175F-4320-A288-0D20191FB861}"
EndProject
Project("{9A19103F-16F7-4668-BE54-9A1E7A4F7556}") = "DemoUIOmega.Entities", "DemoUIOmega.Entities\DemoUIOmega.Entities.csproj", "{E3468823-22F4-410D-9AE3-2A6D713E716F}"
EndProject
Project("{9A19103F-16F7-4668-BE54-9A1E7A4F7556}") = "DemoUIOmega.Middlewares", "DemoUIOmega.Middlewares\DemoUIOmega.Middlewares.csproj", "{CEBEE1AC-44AA-4F04-9032-6228CF18D2F3}"
EndProject
Project("{FAE04EC0-301F-11D3-BF4B-00C04F79EFBC}") = "DemoUIOmega.API", "DemoUIOmega.API\DemoUIOmega.API.csproj", "{35BB8881-A19B-45DE-AA37-6A7AF748E04F}"
EndProject
Global
	GlobalSection(SolutionConfigurationPlatforms) = preSolution
		Debug|Any CPU = Debug|Any CPU
		Release|Any CPU = Release|Any CPU
	EndGlobalSection
	GlobalSection(ProjectConfigurationPlatforms) = postSolution
		{87FFF109-175F-4320-A288-0D20191FB861}.Debug|Any CPU.ActiveCfg = Debug|Any CPU
		{87FFF109-175F-4320-A288-0D20191FB861}.Debug|Any CPU.Build.0 = Debug|Any CPU
		{87FFF109-175F-4320-A288-0D20191FB861}.Release|Any CPU.ActiveCfg = Release|Any CPU
		{87FFF109-175F-4320-A288-0D20191FB861}.Release|Any CPU.Build.0 = Release|Any CPU
		{E3468823-22F4-410D-9AE3-2A6D713E716F}.Debug|Any CPU.ActiveCfg = Debug|Any CPU
		{E3468823-22F4-410D-9AE3-2A6D713E716F}.Debug|Any CPU.Build.0 = Debug|Any CPU
		{E3468823-22F4-410D-9AE3-2A6D713E716F}.Release|Any CPU.ActiveCfg = Release|Any CPU
		{E3468823-22F4-410D-9AE3-2A6D713E716F}.Release|Any CPU.Build.0 = Release|Any CPU
		{CEBEE1AC-44AA-4F04-9032-6228CF18D2F3}.Debug|Any CPU.ActiveCfg = Debug|Any CPU
		{CEBEE1AC-44AA-4F04-9032-6228CF18D2F3}.Debug|Any CPU.Build.0 = Debug|Any CPU
		{CEBEE1AC-44AA-4F04-9032-6228CF18D2F3}.Release|Any CPU.ActiveCfg = Release|Any CPU
		{CEBEE1AC-44AA-4F04-9032-6228CF18D2F3}.Release|Any CPU.Build.0 = Release|Any CPU
		{35BB8881-A19B-45DE-AA37-6A7AF748E04F}.Debug|Any CPU.ActiveCfg = Debug|Any CPU
		{35BB8881-A19B-45DE-AA37-6A7AF748E04F}.Debug|Any CPU.Build.0 = Debug|Any CPU
		{35BB8881-A19B-45DE-AA37-6A7AF748E04F}.Release|Any CPU.ActiveCfg = Release|Any CPU
		{35BB8881-A19B-45DE-AA37-6A7AF748E04F}.Release|Any CPU.Build.0 = Release|Any CPU
	EndGlobalSection
	GlobalSection(SolutionProperties) = preSolution
		HideSolutionNode = FALSE
	EndGlobalSection
	GlobalSection(ExtensibilityGlobals) = postSolution
		SolutionGuid = {25631527-E568-45AB-9380-4F55F11C8ABE}
	EndGlobalSection
EndGlobal
